
Microsoft Visual Studio Solution File, Format Version 12.00
# Visual Studio Version 16
VisualStudioVersion = 16.0.29728.190
MinimumVisualStudioVersion = 10.0.40219.1
Project("{888888A0-9F3D-457C-B088-3A5042F75D52}") = "Sorting", "Sorting\Sorting.pyproj", "{F6614747-724F-40B5-8537-DE4BAB4694B0}"
EndProject
Global
	GlobalSection(SolutionConfigurationPlatforms) = preSolution
		Debug|Any CPU = Debug|Any CPU
		Release|Any CPU = Release|Any CPU
	EndGlobalSection
	GlobalSection(ProjectConfigurationPlatforms) = postSolution
		{F6614747-724F-40B5-8537-DE4BAB4694B0}.Debug|Any CPU.ActiveCfg = Debug|Any CPU
		{F6614747-724F-40B5-8537-DE4BAB4694B0}.Release|Any CPU.ActiveCfg = Release|Any CPU
	EndGlobalSection
	GlobalSection(SolutionProperties) = preSolution
		HideSolutionNode = FALSE
	EndGlobalSection
	GlobalSection(ExtensibilityGlobals) = postSolution
		SolutionGuid = {9D16DBC8-25BA-434E-9C22-CF47C6E2D212}
	EndGlobalSection
EndGlobal
